<?xml version="1.0" encoding="utf-8"?>
<Project ToolsVersion="4.0" xmlns="http://schemas.microsoft.com/developer/msbuild/2003">
  <ItemGroup>
    <ClCompile Include="core\gfx\Model.cpp" />
    <ClCompile Include="core\gfx\Program.cpp" />
    <ClCompile Include="core\Keyboard.cpp" />
    <ClCompile Include="core\util\Camera.cpp" />
    <ClCompile Include="core\util\Random.cpp" />
    <ClCompile Include="core\util\Util.cpp" />
    <ClCompile Include="core\Window.cpp" />
    <ClCompile Include="Main.cpp" />
    <ClCompile Include="neural\EvolvingNetwork.cpp" />
    <ClCompile Include="neural\FixedNetwork.cpp" />
    <ClCompile Include="neural\FixedNetworkXOR.cpp" />
    <ClCompile Include="SimulationState.cpp" />
    <ClCompile Include="sim\model\CarModel.cpp" />
    <ClCompile Include="sim\model\TrackModel.cpp" />
    <ClCompile Include="sim\Simulator.cpp" />
    <ClCompile Include="sim\view\CarView.cpp" />
    <ClCompile Include="sim\view\GridView.cpp" />
    <ClCompile Include="sim\view\TrackView.cpp" />
    <ClCompile Include="NeatXOR.cpp" />
  </ItemGroup>
  <ItemGroup>
    <ClInclude Include="core\gfx\Model.h" />
    <ClInclude Include="core\gfx\Program.h" />
    <ClInclude Include="core\Keyboard.h" />
    <ClInclude Include="core\util\Camera.h" />
    <ClInclude Include="core\util\Random.h" />
    <ClInclude Include="core\util\Util.h" />
    <ClInclude Include="core\Window.h" />
    <ClInclude Include="core\WindowState.h" />
    <ClInclude Include="neural\FixedNetwork.h" />
    <ClInclude Include="neural\FixedNetworkXOR.h" />
    <ClInclude Include="neural\EvolvingNetwork.h" />
    <ClInclude Include="neural\Neural.h" />
    <ClInclude Include="SimulationState.h" />
    <ClInclude Include="sim\Car.h" />
    <ClInclude Include="sim\model\CarModel.h" />
    <ClInclude Include="sim\model\TrackModel.h" />
    <ClInclude Include="sim\Simulator.h" />
    <ClInclude Include="sim\Track.h" />
    <ClInclude Include="sim\view\CarView.h" />
    <ClInclude Include="sim\view\GridView.h" />
    <ClInclude Include="sim\view\TrackView.h" />
  </ItemGroup>
  <ItemGroup>
    <None Include=".gitignore" />
    <None Include="Readme.md" />
    <None Include="res\models\spa_circuit.model" />
    <None Include="res\shaders\simple.frag" />
    <None Include="res\shaders\simple.vert" />
  </ItemGroup>
</Project>